
Microsoft Visual Studio Solution File, Format Version 12.00
# Visual Studio Version 17
VisualStudioVersion = 17.7.34202.233
MinimumVisualStudioVersion = 10.0.40219.1
Project("{FAE04EC0-301F-11D3-BF4B-00C04F79EFBC}") = "TravelAgency", "TravelAgency\TravelAgency.csproj", "{C9E347CA-AC65-4C70-88FF-72FF5ACE008E}"
EndProject
Global
	GlobalSection(SolutionConfigurationPlatforms) = preSolution
		Debug|Any CPU = Debug|Any CPU
		Release|Any CPU = Release|Any CPU
	EndGlobalSection
	GlobalSection(ProjectConfigurationPlatforms) = postSolution
		{C9E347CA-AC65-4C70-88FF-72FF5ACE008E}.Debug|Any CPU.ActiveCfg = Debug|Any CPU
		{C9E347CA-AC65-4C70-88FF-72FF5ACE008E}.Debug|Any CPU.Build.0 = Debug|Any CPU
		{C9E347CA-AC65-4C70-88FF-72FF5ACE008E}.Release|Any CPU.ActiveCfg = Release|Any CPU
		{C9E347CA-AC65-4C70-88FF-72FF5ACE008E}.Release|Any CPU.Build.0 = Release|Any CPU
	EndGlobalSection
	GlobalSection(SolutionProperties) = preSolution
		HideSolutionNode = FALSE
	EndGlobalSection
	GlobalSection(ExtensibilityGlobals) = postSolution
		SolutionGuid = {911C43A9-8BB3-4B90-A993-3A04907AC06F}
	EndGlobalSection
EndGlobal
